// !$*UTF8*$!
{
	archiveVersion = 1;
	classes = {
	};
	objectVersion = 46;
	objects = {

/* Begin PBXBuildFile section */
		A3620EAE1EFD1F0D005BF594 /* AppDelegate.swift in Sources */ = {isa = PBXBuildFile; fileRef = A3620EAD1EFD1F0D005BF594 /* AppDelegate.swift */; };
		A3620EB01EFD1F0D005BF594 /* ViewController.swift in Sources */ = {isa = PBXBuildFile; fileRef = A3620EAF1EFD1F0D005BF594 /* ViewController.swift */; };
		A3620EB31EFD1F0D005BF594 /* Main.storyboard in Resources */ = {isa = PBXBuildFile; fileRef = A3620EB11EFD1F0D005BF594 /* Main.storyboard */; };
		A3620EB51EFD1F0D005BF594 /* Assets.xcassets in Resources */ = {isa = PBXBuildFile; fileRef = A3620EB41EFD1F0D005BF594 /* Assets.xcassets */; };
		A3620EB81EFD1F0D005BF594 /* LaunchScreen.storyboard in Resources */ = {isa = PBXBuildFile; fileRef = A3620EB61EFD1F0D005BF594 /* LaunchScreen.storyboard */; };
		A3620EC41EFDA7F3005BF594 /* SWNavigationController.m in Sources */ = {isa = PBXBuildFile; fileRef = A3620EC11EFDA7F3005BF594 /* SWNavigationController.m */; };
		A3620EC51EFDA7F3005BF594 /* SWPushAnimatedTransitioning.m in Sources */ = {isa = PBXBuildFile; fileRef = A3620EC31EFDA7F3005BF594 /* SWPushAnimatedTransitioning.m */; };
		A3620EC71EFDC01F005BF594 /* Extensions.swift in Sources */ = {isa = PBXBuildFile; fileRef = A3620EC61EFDC01F005BF594 /* Extensions.swift */; };
		A3620EC91EFDCA5A005BF594 /* CustomLayout.swift in Sources */ = {isa = PBXBuildFile; fileRef = A3620EC81EFDCA5A005BF594 /* CustomLayout.swift */; };
		A3620ECB1EFDCAC0005BF594 /* DetailViewController.swift in Sources */ = {isa = PBXBuildFile; fileRef = A3620ECA1EFDCAC0005BF594 /* DetailViewController.swift */; };
/* End PBXBuildFile section */

/* Begin PBXFileReference section */
		A3620EAA1EFD1F0D005BF594 /* CellSwipeTransition.app */ = {isa = PBXFileReference; explicitFileType = wrapper.application; includeInIndex = 0; path = CellSwipeTransition.app; sourceTree = BUILT_PRODUCTS_DIR; };
		A3620EAD1EFD1F0D005BF594 /* AppDelegate.swift */ = {isa = PBXFileReference; lastKnownFileType = sourcecode.swift; path = AppDelegate.swift; sourceTree = "<group>"; };
		A3620EAF1EFD1F0D005BF594 /* ViewController.swift */ = {isa = PBXFileReference; lastKnownFileType = sourcecode.swift; path = ViewController.swift; sourceTree = "<group>"; };
		A3620EB21EFD1F0D005BF594 /* Base */ = {isa = PBXFileReference; lastKnownFileType = file.storyboard; name = Base; path = Base.lproj/Main.storyboard; sourceTree = "<group>"; };
		A3620EB41EFD1F0D005BF594 /* Assets.xcassets */ = {isa = PBXFileReference; lastKnownFileType = folder.assetcatalog; path = Assets.xcassets; sourceTree = "<group>"; };
		A3620EB71EFD1F0D005BF594 /* Base */ = {isa = PBXFileReference; lastKnownFileType = file.storyboard; name = Base; path = Base.lproj/LaunchScreen.storyboard; sourceTree = "<group>"; };
		A3620EB91EFD1F0D005BF594 /* Info.plist */ = {isa = PBXFileReference; lastKnownFileType = text.plist.xml; path = Info.plist; sourceTree = "<group>"; };
		A3620EBF1EFDA7F2005BF594 /* CellSwipeTransition-Bridging-Header.h */ = {isa = PBXFileReference; lastKnownFileType = sourcecode.c.h; path = "CellSwipeTransition-Bridging-Header.h"; sourceTree = "<group>"; };
		A3620EC01EFDA7F3005BF594 /* SWNavigationController.h */ = {isa = PBXFileReference; fileEncoding = 4; lastKnownFileType = sourcecode.c.h; name = SWNavigationController.h; path = SKNavigationController/SWNavigationController.h; sourceTree = "<group>"; };
		A3620EC11EFDA7F3005BF594 /* SWNavigationController.m */ = {isa = PBXFileReference; fileEncoding = 4; lastKnownFileType = sourcecode.c.objc; name = SWNavigationController.m; path = SKNavigationController/SWNavigationController.m; sourceTree = "<group>"; };
		A3620EC21EFDA7F3005BF594 /* SWPushAnimatedTransitioning.h */ = {isa = PBXFileReference; fileEncoding = 4; lastKnownFileType = sourcecode.c.h; name = SWPushAnimatedTransitioning.h; path = SKNavigationController/SWPushAnimatedTransitioning.h; sourceTree = "<group>"; };
		A3620EC31EFDA7F3005BF594 /* SWPushAnimatedTransitioning.m */ = {isa = PBXFileReference; fileEncoding = 4; lastKnownFileType = sourcecode.c.objc; name = SWPushAnimatedTransitioning.m; path = SKNavigationController/SWPushAnimatedTransitioning.m; sourceTree = "<group>"; };
		A3620EC61EFDC01F005BF594 /* Extensions.swift */ = {isa = PBXFileReference; fileEncoding = 4; lastKnownFileType = sourcecode.swift; path = Extensions.swift; sourceTree = "<group>"; };
		A3620EC81EFDCA5A005BF594 /* CustomLayout.swift */ = {isa = PBXFileReference; fileEncoding = 4; lastKnownFileType = sourcecode.swift; path = CustomLayout.swift; sourceTree = "<group>"; };
		A3620ECA1EFDCAC0005BF594 /* DetailViewController.swift */ = {isa = PBXFileReference; fileEncoding = 4; lastKnownFileType = sourcecode.swift; path = DetailViewController.swift; sourceTree = "<group>"; };
/* End PBXFileReference section */

/* Begin PBXFrameworksBuildPhase section */
		A3620EA71EFD1F0D005BF594 /* Frameworks */ = {
			isa = PBXFrameworksBuildPhase;
			buildActionMask = 2147483647;
			files = (
			);
			runOnlyForDeploymentPostprocessing = 0;
		};
/* End PBXFrameworksBuildPhase section */

/* Begin PBXGroup section */
		8BDB765D8AAA0992C9505907 /* Frameworks */ = {
			isa = PBXGroup;
			children = (
			);
			name = Frameworks;
			sourceTree = "<group>";
		};
		A3620EA11EFD1F0D005BF594 = {
			isa = PBXGroup;
			children = (
				A3620EAC1EFD1F0D005BF594 /* CellSwipeTransition */,
				A3620ECD1EFDD206005BF594 /* Resources */,
				A3620EAB1EFD1F0D005BF594 /* Products */,
				8BDB765D8AAA0992C9505907 /* Frameworks */,
			);
			sourceTree = "<group>";
		};
		A3620EAB1EFD1F0D005BF594 /* Products */ = {
			isa = PBXGroup;
			children = (
				A3620EAA1EFD1F0D005BF594 /* CellSwipeTransition.app */,
			);
			name = Products;
			sourceTree = "<group>";
		};
		A3620EAC1EFD1F0D005BF594 /* CellSwipeTransition */ = {
			isa = PBXGroup;
			children = (
				A3620EAD1EFD1F0D005BF594 /* AppDelegate.swift */,
				A3620EAF1EFD1F0D005BF594 /* ViewController.swift */,
				A3620ECA1EFDCAC0005BF594 /* DetailViewController.swift */,
				A3620EC81EFDCA5A005BF594 /* CustomLayout.swift */,
				A3620EC61EFDC01F005BF594 /* Extensions.swift */,
				A3620EBF1EFDA7F2005BF594 /* CellSwipeTransition-Bridging-Header.h */,
				A3620ECC1EFDD1D8005BF594 /* SWNavigationController */,
			);
			path = CellSwipeTransition;
			sourceTree = "<group>";
		};
		A3620ECC1EFDD1D8005BF594 /* SWNavigationController */ = {
			isa = PBXGroup;
			children = (
				A3620EC01EFDA7F3005BF594 /* SWNavigationController.h */,
				A3620EC11EFDA7F3005BF594 /* SWNavigationController.m */,
				A3620EC21EFDA7F3005BF594 /* SWPushAnimatedTransitioning.h */,
				A3620EC31EFDA7F3005BF594 /* SWPushAnimatedTransitioning.m */,
			);
			name = SWNavigationController;
			sourceTree = "<group>";
		};
		A3620ECD1EFDD206005BF594 /* Resources */ = {
			isa = PBXGroup;
			children = (
				A3620EB11EFD1F0D005BF594 /* Main.storyboard */,
				A3620EB41EFD1F0D005BF594 /* Assets.xcassets */,
				A3620EB61EFD1F0D005BF594 /* LaunchScreen.storyboard */,
				A3620EB91EFD1F0D005BF594 /* Info.plist */,
			);
			name = Resources;
			path = CellSwipeTransition;
			sourceTree = "<group>";
		};
/* End PBXGroup section */

/* Begin PBXNativeTarget section */
		A3620EA91EFD1F0D005BF594 /* CellSwipeTransition */ = {
			isa = PBXNativeTarget;
			buildConfigurationList = A3620EBC1EFD1F0D005BF594 /* Build configuration list for PBXNativeTarget "CellSwipeTransition" */;
			buildPhases = (
				A3620EA61EFD1F0D005BF594 /* Sources */,
				A3620EA71EFD1F0D005BF594 /* Frameworks */,
				A3620EA81EFD1F0D005BF594 /* Resources */,
			);
			buildRules = (
			);
			dependencies = (
			);
			name = CellSwipeTransition;
			productName = CellSwipeTransition;
			productReference = A3620EAA1EFD1F0D005BF594 /* CellSwipeTransition.app */;
			productType = "com.apple.product-type.application";
		};
/* End PBXNativeTarget section */

/* Begin PBXProject section */
		A3620EA21EFD1F0D005BF594 /* Project object */ = {
			isa = PBXProject;
			attributes = {
				LastSwiftUpdateCheck = 0830;
				LastUpgradeCheck = 0830;
				ORGANIZATIONNAME = Luke;
				TargetAttributes = {
					A3620EA91EFD1F0D005BF594 = {
						CreatedOnToolsVersion = 8.3.3;
						DevelopmentTeam = TTG4773QF8;
						LastSwiftMigration = 0830;
						ProvisioningStyle = Automatic;
					};
				};
			};
			buildConfigurationList = A3620EA51EFD1F0D005BF594 /* Build configuration list for PBXProject "CellSwipeTransition" */;
			compatibilityVersion = "Xcode 3.2";
			developmentRegion = English;
			hasScannedForEncodings = 0;
			knownRegions = (
				en,
				Base,
			);
			mainGroup = A3620EA11EFD1F0D005BF594;
			productRefGroup = A3620EAB1EFD1F0D005BF594 /* Products */;
			projectDirPath = "";
			projectRoot = "";
			targets = (
				A3620EA91EFD1F0D005BF594 /* CellSwipeTransition */,
			);
		};
/* End PBXProject section */

/* Begin PBXResourcesBuildPhase section */
		A3620EA81EFD1F0D005BF594 /* Resources */ = {
			isa = PBXResourcesBuildPhase;
			buildActionMask = 2147483647;
			files = (
				A3620EB81EFD1F0D005BF594 /* LaunchScreen.storyboard in Resources */,
				A3620EB51EFD1F0D005BF594 /* Assets.xcassets in Resources */,
				A3620EB31EFD1F0D005BF594 /* Main.storyboard in Resources */,
			);
			runOnlyForDeploymentPostprocessing = 0;
		};
/* End PBXResourcesBuildPhase section */

/* Begin PBXSourcesBuildPhase section */
		A3620EA61EFD1F0D005BF594 /* Sources */ = {
			isa = PBXSourcesBuildPhase;
			buildActionMask = 2147483647;
			files = (
				A3620EC91EFDCA5A005BF594 /* CustomLayout.swift in Sources */,
				A3620EC71EFDC01F005BF594 /* Extensions.swift in Sources */,
				A3620EC41EFDA7F3005BF594 /* SWNavigationController.m in Sources */,
				A3620EB01EFD1F0D005BF594 /* ViewController.swift in Sources */,
				A3620EC51EFDA7F3005BF594 /* SWPushAnimatedTransitioning.m in Sources */,
				A3620EAE1EFD1F0D005BF594 /* AppDelegate.swift in Sources */,
				A3620ECB1EFDCAC0005BF594 /* DetailViewController.swift in Sources */,
			);
			runOnlyForDeploymentPostprocessing = 0;
		};
/* End PBXSourcesBuildPhase section */

/* Begin PBXVariantGroup section */
		A3620EB11EFD1F0D005BF594 /* Main.storyboard */ = {
			isa = PBXVariantGroup;
			children = (
				A3620EB21EFD1F0D005BF594 /* Base */,
			);
			name = Main.storyboard;
			sourceTree = "<group>";
		};
		A3620EB61EFD1F0D005BF594 /* LaunchScreen.storyboard */ = {
			isa = PBXVariantGroup;
			children = (
				A3620EB71EFD1F0D005BF594 /* Base */,
			);
			name = LaunchScreen.storyboard;
			sourceTree = "<group>";
		};
/* End PBXVariantGroup section */

/* Begin XCBuildConfiguration section */
		A3620EBA1EFD1F0D005BF594 /* Debug */ = {
			isa = XCBuildConfiguration;
			buildSettings = {
				ALWAYS_SEARCH_USER_PATHS = NO;
				CLANG_ANALYZER_NONNULL = YES;
				CLANG_ANALYZER_NUMBER_OBJECT_CONVERSION = YES_AGGRESSIVE;
				CLANG_CXX_LANGUAGE_STANDARD = "gnu++0x";
				CLANG_CXX_LIBRARY = "libc++";
				CLANG_ENABLE_MODULES = YES;
				CLANG_ENABLE_OBJC_ARC = YES;
				CLANG_WARN_BOOL_CONVERSION = YES;
				CLANG_WARN_CONSTANT_CONVERSION = YES;
				CLANG_WARN_DIRECT_OBJC_ISA_USAGE = YES_ERROR;
				CLANG_WARN_DOCUMENTATION_COMMENTS = YES;
				CLANG_WARN_EMPTY_BODY = YES;
				CLANG_WARN_ENUM_CONVERSION = YES;
				CLANG_WARN_INFINITE_RECURSION = YES;
				CLANG_WARN_INT_CONVERSION = YES;
				CLANG_WARN_OBJC_ROOT_CLASS = YES_ERROR;
				CLANG_WARN_SUSPICIOUS_MOVE = YES;
				CLANG_WARN_UNREACHABLE_CODE = YES;
				CLANG_WARN__DUPLICATE_METHOD_MATCH = YES;
				"CODE_SIGN_IDENTITY[sdk=iphoneos*]" = "iPhone Developer";
				COPY_PHASE_STRIP = NO;
				DEBUG_INFORMATION_FORMAT = dwarf;
				ENABLE_STRICT_OBJC_MSGSEND = YES;
				ENABLE_TESTABILITY = YES;
				GCC_C_LANGUAGE_STANDARD = gnu99;
				GCC_DYNAMIC_NO_PIC = NO;
				GCC_NO_COMMON_BLOCKS = YES;
				GCC_OPTIMIZATION_LEVEL = 0;
				GCC_PREPROCESSOR_DEFINITIONS = (
					"DEBUG=1",
					"$(inherited)",
				);
				GCC_WARN_64_TO_32_BIT_CONVERSION = YES;
				GCC_WARN_ABOUT_RETURN_TYPE = YES_ERROR;
				GCC_WARN_UNDECLARED_SELECTOR = YES;
				GCC_WARN_UNINITIALIZED_AUTOS = YES_AGGRESSIVE;
				GCC_WARN_UNUSED_FUNCTION = YES;
				GCC_WARN_UNUSED_VARIABLE = YES;
				IPHONEOS_DEPLOYMENT_TARGET = 10.3;
				MTL_ENABLE_DEBUG_INFO = YES;
				ONLY_ACTIVE_ARCH = YES;
				SDKROOT = iphoneos;
				SWIFT_ACTIVE_COMPILATION_CONDITIONS = DEBUG;
				SWIFT_OPTIMIZATION_LEVEL = "-Onone";
				TARGETED_DEVICE_FAMILY = "1,2";
			};
			name = Debug;
		};
		A3620EBB1EFD1F0D005BF594 /* Release */ = {
			isa = XCBuildConfiguration;
			buildSettings = {
				ALWAYS_SEARCH_USER_PATHS = NO;
				CLANG_ANALYZER_NONNULL = YES;
				CLANG_ANALYZER_NUMBER_OBJECT_CONVERSION = YES_AGGRESSIVE;
				CLANG_CXX_LANGUAGE_STANDARD = "gnu++0x";
				CLANG_CXX_LIBRARY = "libc++";
				CLANG_ENABLE_MODULES = YES;
				CLANG_ENABLE_OBJC_ARC = YES;
				CLANG_WARN_BOOL_CONVERSION = YES;
				CLANG_WARN_CONSTANT_CONVERSION = YES;
				CLANG_WARN_DIRECT_OBJC_ISA_USAGE = YES_ERROR;
				CLANG_WARN_DOCUMENTATION_COMMENTS = YES;
				CLANG_WARN_EMPTY_BODY = YES;
				CLANG_WARN_ENUM_CONVERSION = YES;
				CLANG_WARN_INFINITE_RECURSION = YES;
				CLANG_WARN_INT_CONVERSION = YES;
				CLANG_WARN_OBJC_ROOT_CLASS = YES_ERROR;
				CLANG_WARN_SUSPICIOUS_MOVE = YES;
				CLANG_WARN_UNREACHABLE_CODE = YES;
				CLANG_WARN__DUPLICATE_METHOD_MATCH = YES;
				"CODE_SIGN_IDENTITY[sdk=iphoneos*]" = "iPhone Developer";
				COPY_PHASE_STRIP = NO;
				DEBUG_INFORMATION_FORMAT = "dwarf-with-dsym";
				ENABLE_NS_ASSERTIONS = NO;
				ENABLE_STRICT_OBJC_MSGSEND = YES;
				GCC_C_LANGUAGE_STANDARD = gnu99;
				GCC_NO_COMMON_BLOCKS = YES;
				GCC_WARN_64_TO_32_BIT_CONVERSION = YES;
				GCC_WARN_ABOUT_RETURN_TYPE = YES_ERROR;
				GCC_WARN_UNDECLARED_SELECTOR = YES;
				GCC_WARN_UNINITIALIZED_AUTOS = YES_AGGRESSIVE;
				GCC_WARN_UNUSED_FUNCTION = YES;
				GCC_WARN_UNUSED_VARIABLE = YES;
				IPHONEOS_DEPLOYMENT_TARGET = 10.3;
				MTL_ENABLE_DEBUG_INFO = NO;
				SDKROOT = iphoneos;
				SWIFT_OPTIMIZATION_LEVEL = "-Owholemodule";
				TARGETED_DEVICE_FAMILY = "1,2";
				VALIDATE_PRODUCT = YES;
			};
			name = Release;
		};
		A3620EBD1EFD1F0D005BF594 /* Debug */ = {
			isa = XCBuildConfiguration;
			buildSettings = {
				ASSETCATALOG_COMPILER_APPICON_NAME = AppIcon;
				CLANG_ENABLE_MODULES = YES;
				DEVELOPMENT_TEAM = TTG4773QF8;
				INFOPLIST_FILE = CellSwipeTransition/Info.plist;
				LD_RUNPATH_SEARCH_PATHS = "$(inherited) @executable_path/Frameworks";
				PRODUCT_BUNDLE_IDENTIFIER = com.luke.CellSwipeTransition;
				PRODUCT_NAME = "$(TARGET_NAME)";
				SWIFT_OBJC_BRIDGING_HEADER = "CellSwipeTransition/CellSwipeTransition-Bridging-Header.h";
				SWIFT_OPTIMIZATION_LEVEL = "-Onone";
				SWIFT_VERSION = 3.0;
			};
			name = Debug;
		};
		A3620EBE1EFD1F0D005BF594 /* Release */ = {
			isa = XCBuildConfiguration;
			buildSettings = {
				ASSETCATALOG_COMPILER_APPICON_NAME = AppIcon;
				CLANG_ENABLE_MODULES = YES;
				DEVELOPMENT_TEAM = TTG4773QF8;
				INFOPLIST_FILE = CellSwipeTransition/Info.plist;
				LD_RUNPATH_SEARCH_PATHS = "$(inherited) @executable_path/Frameworks";
				PRODUCT_BUNDLE_IDENTIFIER = com.luke.CellSwipeTransition;
				PRODUCT_NAME = "$(TARGET_NAME)";
				SWIFT_OBJC_BRIDGING_HEADER = "CellSwipeTransition/CellSwipeTransition-Bridging-Header.h";
				SWIFT_VERSION = 3.0;
			};
			name = Release;
		};
/* End XCBuildConfiguration section */

/* Begin XCConfigurationList section */
		A3620EA51EFD1F0D005BF594 /* Build configuration list for PBXProject "CellSwipeTransition" */ = {
			isa = XCConfigurationList;
			buildConfigurations = (
				A3620EBA1EFD1F0D005BF594 /* Debug */,
				A3620EBB1EFD1F0D005BF594 /* Release */,
			);
			defaultConfigurationIsVisible = 0;
			defaultConfigurationName = Release;
		};
		A3620EBC1EFD1F0D005BF594 /* Build configuration list for PBXNativeTarget "CellSwipeTransition" */ = {
			isa = XCConfigurationList;
			buildConfigurations = (
				A3620EBD1EFD1F0D005BF594 /* Debug */,
				A3620EBE1EFD1F0D005BF594 /* Release */,
			);
			defaultConfigurationIsVisible = 0;
			defaultConfigurationName = Release;
		};
/* End XCConfigurationList section */
	};
	rootObject = A3620EA21EFD1F0D005BF594 /* Project object */;
}
